
Microsoft Visual Studio Solution File, Format Version 12.00
# Visual Studio 15
VisualStudioVersion = 15.0.28307.168
MinimumVisualStudioVersion = 10.0.40219.1
Project("{9A19103F-16F7-4668-BE54-9A1E7A4F7556}") = "Bong.Portal", "Bong.Web\Bong.Portal\Bong.Portal\Bong.Portal.csproj", "{4633381A-39A6-42FA-A68B-17A2C267DB33}"
EndProject
Project("{9A19103F-16F7-4668-BE54-9A1E7A4F7556}") = "Bong.Engine.API", "Bong.Engine\Bong.Engine.API\Bong.Engine.API\Bong.Engine.API.csproj", "{04CD4044-A3DA-4FEC-9BB6-544C3042BE56}"
EndProject
Global
	GlobalSection(SolutionConfigurationPlatforms) = preSolution
		Debug|Any CPU = Debug|Any CPU
		Release|Any CPU = Release|Any CPU
	EndGlobalSection
	GlobalSection(ProjectConfigurationPlatforms) = postSolution
		{4633381A-39A6-42FA-A68B-17A2C267DB33}.Debug|Any CPU.ActiveCfg = Debug|Any CPU
		{4633381A-39A6-42FA-A68B-17A2C267DB33}.Debug|Any CPU.Build.0 = Debug|Any CPU
		{4633381A-39A6-42FA-A68B-17A2C267DB33}.Release|Any CPU.ActiveCfg = Release|Any CPU
		{4633381A-39A6-42FA-A68B-17A2C267DB33}.Release|Any CPU.Build.0 = Release|Any CPU
		{04CD4044-A3DA-4FEC-9BB6-544C3042BE56}.Debug|Any CPU.ActiveCfg = Debug|Any CPU
		{04CD4044-A3DA-4FEC-9BB6-544C3042BE56}.Debug|Any CPU.Build.0 = Debug|Any CPU
		{04CD4044-A3DA-4FEC-9BB6-544C3042BE56}.Release|Any CPU.ActiveCfg = Release|Any CPU
		{04CD4044-A3DA-4FEC-9BB6-544C3042BE56}.Release|Any CPU.Build.0 = Release|Any CPU
	EndGlobalSection
	GlobalSection(SolutionProperties) = preSolution
		HideSolutionNode = FALSE
	EndGlobalSection
	GlobalSection(ExtensibilityGlobals) = postSolution
		SolutionGuid = {5F481EAE-04F3-4872-BD54-D8D1F4C12CE9}
	EndGlobalSection
EndGlobal
