
Microsoft Visual Studio Solution File, Format Version 12.00
# Visual Studio 15
VisualStudioVersion = 15.0.28307.168
MinimumVisualStudioVersion = 10.0.40219.1
Project("{9A19103F-16F7-4668-BE54-9A1E7A4F7556}") = "Bong", "Bong.csproj", "{70810236-56E1-4F84-B345-F9124DF67D42}"
EndProject
Project("{2150E333-8FDC-42A3-9474-1A3956D46DE8}") = "Modules", "Modules", "{9CEF65EF-252A-43BE-B1A9-98AC47F80446}"
EndProject
Project("{2150E333-8FDC-42A3-9474-1A3956D46DE8}") = "Themes", "Themes", "{9217244B-D33C-434E-95F7-C30A696A33DD}"
EndProject
Project("{2150E333-8FDC-42A3-9474-1A3956D46DE8}") = "Core", "Core", "{B266DDEC-C78D-4548-978B-6C4DBE8F11AA}"
EndProject
Project("{9A19103F-16F7-4668-BE54-9A1E7A4F7556}") = "Bong.Routing", "Core\Bong.Routing\Bong.Routing.csproj", "{33844DAB-B048-4883-9632-DADCB6D1CA03}"
EndProject
Project("{9A19103F-16F7-4668-BE54-9A1E7A4F7556}") = "Bong.Portal", "Core\Bong.Portal\Bong.Portal.csproj", "{0BF4BA8E-0AE5-49F2-AFEB-4DC009457251}"
EndProject
Project("{9A19103F-16F7-4668-BE54-9A1E7A4F7556}") = "Bong.Default", "Themes\Bong.Default\Bong.Default.csproj", "{692F95FD-1D2A-4CBF-9DEF-EBF96C75270F}"
EndProject
Project("{9A19103F-16F7-4668-BE54-9A1E7A4F7556}") = "Bong.Admin", "Core\Bong.Admin\Bong.Admin.csproj", "{E7F78ACE-B14E-4C25-A3DE-E84B53FEAC40}"
EndProject
Project("{9A19103F-16F7-4668-BE54-9A1E7A4F7556}") = "Bong.AdminTheme", "Themes\Bong.AdminTheme\Bong.AdminTheme.csproj", "{ED74C738-93F5-4F5E-8E3F-E03A03528D99}"
EndProject
Project("{9A19103F-16F7-4668-BE54-9A1E7A4F7556}") = "Bong.Posts", "Modules\Bong.Posts\Bong.Posts.csproj", "{34F70304-C8F7-4209-81FD-1D2752A3471C}"
EndProject
Project("{9A19103F-16F7-4668-BE54-9A1E7A4F7556}") = "Bong.Menu", "Core\Bong.Menu\Bong.Menu.csproj", "{046A3512-9C4D-4C1B-A495-2E374495938B}"
EndProject
Project("{9A19103F-16F7-4668-BE54-9A1E7A4F7556}") = "Bong.Helpers", "Core\Bong.Helpers\Bong.Helpers.csproj", "{6C0B9082-BE62-46FF-96DD-4822FA02459E}"
EndProject
Project("{9A19103F-16F7-4668-BE54-9A1E7A4F7556}") = "Bong.Common", "Core\Bong.Common\Bong.Common.csproj", "{67BA05E6-C60D-4FCE-940E-C9065944BE00}"
EndProject
Project("{9A19103F-16F7-4668-BE54-9A1E7A4F7556}") = "Bong.Storage", "Core\Bong.Storage\Bong.Storage.csproj", "{F1AFEA60-3F52-45C9-BAD9-955644DE2D0B}"
EndProject
Project("{9A19103F-16F7-4668-BE54-9A1E7A4F7556}") = "Bong.AzureStorage", "Modules\Bong.AzureStorage\Bong.AzureStorage.csproj", "{EC28BF06-2D3E-41D2-98AB-5EF35172C230}"
EndProject
Project("{FAE04EC0-301F-11D3-BF4B-00C04F79EFBC}") = "Bong.Security", "Core\Bong.Security\Bong.Security.csproj", "{90D7F086-F352-4F82-AE03-EBE75094F26F}"
EndProject
Project("{FAE04EC0-301F-11D3-BF4B-00C04F79EFBC}") = "Bong.Security.Basic", "Modules\Bong.Security.Basic\Bong.Security.Basic.csproj", "{4CAC865E-7618-4D07-8680-8950D8DEA94B}"
EndProject
Global
	GlobalSection(SolutionConfigurationPlatforms) = preSolution
		Debug|Any CPU = Debug|Any CPU
		Release|Any CPU = Release|Any CPU
	EndGlobalSection
	GlobalSection(ProjectConfigurationPlatforms) = postSolution
		{70810236-56E1-4F84-B345-F9124DF67D42}.Debug|Any CPU.ActiveCfg = Debug|Any CPU
		{70810236-56E1-4F84-B345-F9124DF67D42}.Debug|Any CPU.Build.0 = Debug|Any CPU
		{70810236-56E1-4F84-B345-F9124DF67D42}.Release|Any CPU.ActiveCfg = Release|Any CPU
		{70810236-56E1-4F84-B345-F9124DF67D42}.Release|Any CPU.Build.0 = Release|Any CPU
		{33844DAB-B048-4883-9632-DADCB6D1CA03}.Debug|Any CPU.ActiveCfg = Debug|Any CPU
		{33844DAB-B048-4883-9632-DADCB6D1CA03}.Debug|Any CPU.Build.0 = Debug|Any CPU
		{33844DAB-B048-4883-9632-DADCB6D1CA03}.Release|Any CPU.ActiveCfg = Release|Any CPU
		{33844DAB-B048-4883-9632-DADCB6D1CA03}.Release|Any CPU.Build.0 = Release|Any CPU
		{0BF4BA8E-0AE5-49F2-AFEB-4DC009457251}.Debug|Any CPU.ActiveCfg = Debug|Any CPU
		{0BF4BA8E-0AE5-49F2-AFEB-4DC009457251}.Debug|Any CPU.Build.0 = Debug|Any CPU
		{0BF4BA8E-0AE5-49F2-AFEB-4DC009457251}.Release|Any CPU.ActiveCfg = Release|Any CPU
		{0BF4BA8E-0AE5-49F2-AFEB-4DC009457251}.Release|Any CPU.Build.0 = Release|Any CPU
		{692F95FD-1D2A-4CBF-9DEF-EBF96C75270F}.Debug|Any CPU.ActiveCfg = Debug|Any CPU
		{692F95FD-1D2A-4CBF-9DEF-EBF96C75270F}.Debug|Any CPU.Build.0 = Debug|Any CPU
		{692F95FD-1D2A-4CBF-9DEF-EBF96C75270F}.Release|Any CPU.ActiveCfg = Release|Any CPU
		{692F95FD-1D2A-4CBF-9DEF-EBF96C75270F}.Release|Any CPU.Build.0 = Release|Any CPU
		{E7F78ACE-B14E-4C25-A3DE-E84B53FEAC40}.Debug|Any CPU.ActiveCfg = Debug|Any CPU
		{E7F78ACE-B14E-4C25-A3DE-E84B53FEAC40}.Debug|Any CPU.Build.0 = Debug|Any CPU
		{E7F78ACE-B14E-4C25-A3DE-E84B53FEAC40}.Release|Any CPU.ActiveCfg = Release|Any CPU
		{E7F78ACE-B14E-4C25-A3DE-E84B53FEAC40}.Release|Any CPU.Build.0 = Release|Any CPU
		{ED74C738-93F5-4F5E-8E3F-E03A03528D99}.Debug|Any CPU.ActiveCfg = Debug|Any CPU
		{ED74C738-93F5-4F5E-8E3F-E03A03528D99}.Debug|Any CPU.Build.0 = Debug|Any CPU
		{ED74C738-93F5-4F5E-8E3F-E03A03528D99}.Release|Any CPU.ActiveCfg = Release|Any CPU
		{ED74C738-93F5-4F5E-8E3F-E03A03528D99}.Release|Any CPU.Build.0 = Release|Any CPU
		{34F70304-C8F7-4209-81FD-1D2752A3471C}.Debug|Any CPU.ActiveCfg = Debug|Any CPU
		{34F70304-C8F7-4209-81FD-1D2752A3471C}.Debug|Any CPU.Build.0 = Debug|Any CPU
		{34F70304-C8F7-4209-81FD-1D2752A3471C}.Release|Any CPU.ActiveCfg = Release|Any CPU
		{34F70304-C8F7-4209-81FD-1D2752A3471C}.Release|Any CPU.Build.0 = Release|Any CPU
		{046A3512-9C4D-4C1B-A495-2E374495938B}.Debug|Any CPU.ActiveCfg = Debug|Any CPU
		{046A3512-9C4D-4C1B-A495-2E374495938B}.Debug|Any CPU.Build.0 = Debug|Any CPU
		{046A3512-9C4D-4C1B-A495-2E374495938B}.Release|Any CPU.ActiveCfg = Release|Any CPU
		{046A3512-9C4D-4C1B-A495-2E374495938B}.Release|Any CPU.Build.0 = Release|Any CPU
		{6C0B9082-BE62-46FF-96DD-4822FA02459E}.Debug|Any CPU.ActiveCfg = Debug|Any CPU
		{6C0B9082-BE62-46FF-96DD-4822FA02459E}.Debug|Any CPU.Build.0 = Debug|Any CPU
		{6C0B9082-BE62-46FF-96DD-4822FA02459E}.Release|Any CPU.ActiveCfg = Release|Any CPU
		{6C0B9082-BE62-46FF-96DD-4822FA02459E}.Release|Any CPU.Build.0 = Release|Any CPU
		{67BA05E6-C60D-4FCE-940E-C9065944BE00}.Debug|Any CPU.ActiveCfg = Debug|Any CPU
		{67BA05E6-C60D-4FCE-940E-C9065944BE00}.Debug|Any CPU.Build.0 = Debug|Any CPU
		{67BA05E6-C60D-4FCE-940E-C9065944BE00}.Release|Any CPU.ActiveCfg = Release|Any CPU
		{67BA05E6-C60D-4FCE-940E-C9065944BE00}.Release|Any CPU.Build.0 = Release|Any CPU
		{F1AFEA60-3F52-45C9-BAD9-955644DE2D0B}.Debug|Any CPU.ActiveCfg = Debug|Any CPU
		{F1AFEA60-3F52-45C9-BAD9-955644DE2D0B}.Debug|Any CPU.Build.0 = Debug|Any CPU
		{F1AFEA60-3F52-45C9-BAD9-955644DE2D0B}.Release|Any CPU.ActiveCfg = Release|Any CPU
		{F1AFEA60-3F52-45C9-BAD9-955644DE2D0B}.Release|Any CPU.Build.0 = Release|Any CPU
		{EC28BF06-2D3E-41D2-98AB-5EF35172C230}.Debug|Any CPU.ActiveCfg = Debug|Any CPU
		{EC28BF06-2D3E-41D2-98AB-5EF35172C230}.Debug|Any CPU.Build.0 = Debug|Any CPU
		{EC28BF06-2D3E-41D2-98AB-5EF35172C230}.Release|Any CPU.ActiveCfg = Release|Any CPU
		{EC28BF06-2D3E-41D2-98AB-5EF35172C230}.Release|Any CPU.Build.0 = Release|Any CPU
		{90D7F086-F352-4F82-AE03-EBE75094F26F}.Debug|Any CPU.ActiveCfg = Debug|Any CPU
		{90D7F086-F352-4F82-AE03-EBE75094F26F}.Debug|Any CPU.Build.0 = Debug|Any CPU
		{90D7F086-F352-4F82-AE03-EBE75094F26F}.Release|Any CPU.ActiveCfg = Release|Any CPU
		{90D7F086-F352-4F82-AE03-EBE75094F26F}.Release|Any CPU.Build.0 = Release|Any CPU
		{4CAC865E-7618-4D07-8680-8950D8DEA94B}.Debug|Any CPU.ActiveCfg = Debug|Any CPU
		{4CAC865E-7618-4D07-8680-8950D8DEA94B}.Debug|Any CPU.Build.0 = Debug|Any CPU
		{4CAC865E-7618-4D07-8680-8950D8DEA94B}.Release|Any CPU.ActiveCfg = Release|Any CPU
		{4CAC865E-7618-4D07-8680-8950D8DEA94B}.Release|Any CPU.Build.0 = Release|Any CPU
	EndGlobalSection
	GlobalSection(SolutionProperties) = preSolution
		HideSolutionNode = FALSE
	EndGlobalSection
	GlobalSection(NestedProjects) = preSolution
		{33844DAB-B048-4883-9632-DADCB6D1CA03} = {B266DDEC-C78D-4548-978B-6C4DBE8F11AA}
		{0BF4BA8E-0AE5-49F2-AFEB-4DC009457251} = {B266DDEC-C78D-4548-978B-6C4DBE8F11AA}
		{692F95FD-1D2A-4CBF-9DEF-EBF96C75270F} = {9217244B-D33C-434E-95F7-C30A696A33DD}
		{E7F78ACE-B14E-4C25-A3DE-E84B53FEAC40} = {B266DDEC-C78D-4548-978B-6C4DBE8F11AA}
		{ED74C738-93F5-4F5E-8E3F-E03A03528D99} = {9217244B-D33C-434E-95F7-C30A696A33DD}
		{34F70304-C8F7-4209-81FD-1D2752A3471C} = {9CEF65EF-252A-43BE-B1A9-98AC47F80446}
		{046A3512-9C4D-4C1B-A495-2E374495938B} = {B266DDEC-C78D-4548-978B-6C4DBE8F11AA}
		{6C0B9082-BE62-46FF-96DD-4822FA02459E} = {B266DDEC-C78D-4548-978B-6C4DBE8F11AA}
		{67BA05E6-C60D-4FCE-940E-C9065944BE00} = {B266DDEC-C78D-4548-978B-6C4DBE8F11AA}
		{F1AFEA60-3F52-45C9-BAD9-955644DE2D0B} = {B266DDEC-C78D-4548-978B-6C4DBE8F11AA}
		{EC28BF06-2D3E-41D2-98AB-5EF35172C230} = {9CEF65EF-252A-43BE-B1A9-98AC47F80446}
		{90D7F086-F352-4F82-AE03-EBE75094F26F} = {B266DDEC-C78D-4548-978B-6C4DBE8F11AA}
		{4CAC865E-7618-4D07-8680-8950D8DEA94B} = {9CEF65EF-252A-43BE-B1A9-98AC47F80446}
	EndGlobalSection
	GlobalSection(ExtensibilityGlobals) = postSolution
		SolutionGuid = {5F481EAE-04F3-4872-BD54-D8D1F4C12CE9}
	EndGlobalSection
EndGlobal
